
Microsoft Visual Studio Solution File, Format Version 12.00
# Visual Studio 15
VisualStudioVersion = 15.0.28307.136
MinimumVisualStudioVersion = 10.0.40219.1
Project("{2150E333-8FDC-42A3-9474-1A3956D46DE8}") = "1 - Presentation", "1 - Presentation", "{14717E2F-87BC-424E-8031-A590AAA3A84B}"
EndProject
Project("{2150E333-8FDC-42A3-9474-1A3956D46DE8}") = "2 - Services", "2 - Services", "{89323DE0-7FAD-4B41-A156-90C296228DCE}"
EndProject
Project("{2150E333-8FDC-42A3-9474-1A3956D46DE8}") = "3 - Application", "3 - Application", "{327E754E-F5AA-445E-B667-A1A6A48B93C4}"
EndProject
Project("{2150E333-8FDC-42A3-9474-1A3956D46DE8}") = "4 - Domain", "4 - Domain", "{839F4695-97AB-4EA3-8BCB-C38C1F0BFBA5}"
EndProject
Project("{2150E333-8FDC-42A3-9474-1A3956D46DE8}") = "5 - Infra", "5 - Infra", "{B08698B1-5088-4869-9965-64349A7748B2}"
EndProject
Project("{2150E333-8FDC-42A3-9474-1A3956D46DE8}") = "5.1 - Data", "5.1 - Data", "{29A7903F-8427-436B-889D-16DD2DE3BB0F}"
EndProject
Project("{2150E333-8FDC-42A3-9474-1A3956D46DE8}") = "5.2 - CrossCutting", "5.2 - CrossCutting", "{57E2B5F3-1B12-4715-A25D-6CD5A5CDE1B2}"
EndProject
Project("{9A19103F-16F7-4668-BE54-9A1E7A4F7556}") = "Financas.IO.Domain", "src\Financas.IO.Domain\Financas.IO.Domain.csproj", "{505A32A9-045C-4A52-8B86-92BB080D217E}"
EndProject
Project("{9A19103F-16F7-4668-BE54-9A1E7A4F7556}") = "Financas.IO.Domain.Core", "src\Financas.IO.Domain.Core\Financas.IO.Domain.Core.csproj", "{84664194-5493-43B9-9DE0-8574F0741533}"
EndProject
Project("{9A19103F-16F7-4668-BE54-9A1E7A4F7556}") = "Financas.IO.Infra.Data2", "src\Financas.IO.Infra.Data2\Financas.IO.Infra.Data2.csproj", "{642BD082-70E4-4E5B-A6C8-757590B268EE}"
EndProject
Project("{9A19103F-16F7-4668-BE54-9A1E7A4F7556}") = "Financas.IO.Aplication", "src\Financas.IO.Aplication\Financas.IO.Aplication.csproj", "{09F0887A-C286-4C9B-A417-6A8F3D08A751}"
EndProject
Project("{9A19103F-16F7-4668-BE54-9A1E7A4F7556}") = "Financas.IO.Presentation.Site", "src\Financas.IO.Presentation.Site\Financas.IO.Presentation.Site.csproj", "{8025347F-1537-4403-82F0-3A04990C0329}"
EndProject
Project("{9A19103F-16F7-4668-BE54-9A1E7A4F7556}") = "Financas.IO.Infra.CrossCutting.IoC", "src\Financas.IO.Infra.CrossCutting.IoC\Financas.IO.Infra.CrossCutting.IoC.csproj", "{C550D40A-D854-477A-B000-73F4E0F0FA78}"
EndProject
Project("{9A19103F-16F7-4668-BE54-9A1E7A4F7556}") = "Financas.IO.Infra.CrossCutting.Bus", "src\Financas.IO.Infra.CrossCutting.Bus\Financas.IO.Infra.CrossCutting.Bus.csproj", "{8B949E74-0215-4D23-8846-37EA60486454}"
EndProject
Project("{9A19103F-16F7-4668-BE54-9A1E7A4F7556}") = "Financas.IO.Infra.CrossCutting.Identity", "src\Financas.IO.Infra.CrossCutting.Identity\Financas.IO.Infra.CrossCutting.Identity.csproj", "{51EF49E4-8174-480C-B03F-D5D8927F6622}"
EndProject
Global
	GlobalSection(SolutionConfigurationPlatforms) = preSolution
		Debug|Any CPU = Debug|Any CPU
		Release|Any CPU = Release|Any CPU
	EndGlobalSection
	GlobalSection(ProjectConfigurationPlatforms) = postSolution
		{505A32A9-045C-4A52-8B86-92BB080D217E}.Debug|Any CPU.ActiveCfg = Debug|Any CPU
		{505A32A9-045C-4A52-8B86-92BB080D217E}.Debug|Any CPU.Build.0 = Debug|Any CPU
		{505A32A9-045C-4A52-8B86-92BB080D217E}.Release|Any CPU.ActiveCfg = Release|Any CPU
		{505A32A9-045C-4A52-8B86-92BB080D217E}.Release|Any CPU.Build.0 = Release|Any CPU
		{84664194-5493-43B9-9DE0-8574F0741533}.Debug|Any CPU.ActiveCfg = Debug|Any CPU
		{84664194-5493-43B9-9DE0-8574F0741533}.Debug|Any CPU.Build.0 = Debug|Any CPU
		{84664194-5493-43B9-9DE0-8574F0741533}.Release|Any CPU.ActiveCfg = Release|Any CPU
		{84664194-5493-43B9-9DE0-8574F0741533}.Release|Any CPU.Build.0 = Release|Any CPU
		{642BD082-70E4-4E5B-A6C8-757590B268EE}.Debug|Any CPU.ActiveCfg = Debug|Any CPU
		{642BD082-70E4-4E5B-A6C8-757590B268EE}.Debug|Any CPU.Build.0 = Debug|Any CPU
		{642BD082-70E4-4E5B-A6C8-757590B268EE}.Release|Any CPU.ActiveCfg = Release|Any CPU
		{642BD082-70E4-4E5B-A6C8-757590B268EE}.Release|Any CPU.Build.0 = Release|Any CPU
		{09F0887A-C286-4C9B-A417-6A8F3D08A751}.Debug|Any CPU.ActiveCfg = Debug|Any CPU
		{09F0887A-C286-4C9B-A417-6A8F3D08A751}.Debug|Any CPU.Build.0 = Debug|Any CPU
		{09F0887A-C286-4C9B-A417-6A8F3D08A751}.Release|Any CPU.ActiveCfg = Release|Any CPU
		{09F0887A-C286-4C9B-A417-6A8F3D08A751}.Release|Any CPU.Build.0 = Release|Any CPU
		{8025347F-1537-4403-82F0-3A04990C0329}.Debug|Any CPU.ActiveCfg = Debug|Any CPU
		{8025347F-1537-4403-82F0-3A04990C0329}.Debug|Any CPU.Build.0 = Debug|Any CPU
		{8025347F-1537-4403-82F0-3A04990C0329}.Release|Any CPU.ActiveCfg = Release|Any CPU
		{8025347F-1537-4403-82F0-3A04990C0329}.Release|Any CPU.Build.0 = Release|Any CPU
		{C550D40A-D854-477A-B000-73F4E0F0FA78}.Debug|Any CPU.ActiveCfg = Debug|Any CPU
		{C550D40A-D854-477A-B000-73F4E0F0FA78}.Debug|Any CPU.Build.0 = Debug|Any CPU
		{C550D40A-D854-477A-B000-73F4E0F0FA78}.Release|Any CPU.ActiveCfg = Release|Any CPU
		{C550D40A-D854-477A-B000-73F4E0F0FA78}.Release|Any CPU.Build.0 = Release|Any CPU
		{8B949E74-0215-4D23-8846-37EA60486454}.Debug|Any CPU.ActiveCfg = Debug|Any CPU
		{8B949E74-0215-4D23-8846-37EA60486454}.Debug|Any CPU.Build.0 = Debug|Any CPU
		{8B949E74-0215-4D23-8846-37EA60486454}.Release|Any CPU.ActiveCfg = Release|Any CPU
		{8B949E74-0215-4D23-8846-37EA60486454}.Release|Any CPU.Build.0 = Release|Any CPU
		{51EF49E4-8174-480C-B03F-D5D8927F6622}.Debug|Any CPU.ActiveCfg = Debug|Any CPU
		{51EF49E4-8174-480C-B03F-D5D8927F6622}.Debug|Any CPU.Build.0 = Debug|Any CPU
		{51EF49E4-8174-480C-B03F-D5D8927F6622}.Release|Any CPU.ActiveCfg = Release|Any CPU
		{51EF49E4-8174-480C-B03F-D5D8927F6622}.Release|Any CPU.Build.0 = Release|Any CPU
	EndGlobalSection
	GlobalSection(SolutionProperties) = preSolution
		HideSolutionNode = FALSE
	EndGlobalSection
	GlobalSection(NestedProjects) = preSolution
		{29A7903F-8427-436B-889D-16DD2DE3BB0F} = {B08698B1-5088-4869-9965-64349A7748B2}
		{57E2B5F3-1B12-4715-A25D-6CD5A5CDE1B2} = {B08698B1-5088-4869-9965-64349A7748B2}
		{505A32A9-045C-4A52-8B86-92BB080D217E} = {839F4695-97AB-4EA3-8BCB-C38C1F0BFBA5}
		{84664194-5493-43B9-9DE0-8574F0741533} = {839F4695-97AB-4EA3-8BCB-C38C1F0BFBA5}
		{642BD082-70E4-4E5B-A6C8-757590B268EE} = {29A7903F-8427-436B-889D-16DD2DE3BB0F}
		{09F0887A-C286-4C9B-A417-6A8F3D08A751} = {327E754E-F5AA-445E-B667-A1A6A48B93C4}
		{8025347F-1537-4403-82F0-3A04990C0329} = {14717E2F-87BC-424E-8031-A590AAA3A84B}
		{C550D40A-D854-477A-B000-73F4E0F0FA78} = {57E2B5F3-1B12-4715-A25D-6CD5A5CDE1B2}
		{8B949E74-0215-4D23-8846-37EA60486454} = {57E2B5F3-1B12-4715-A25D-6CD5A5CDE1B2}
		{51EF49E4-8174-480C-B03F-D5D8927F6622} = {57E2B5F3-1B12-4715-A25D-6CD5A5CDE1B2}
	EndGlobalSection
	GlobalSection(ExtensibilityGlobals) = postSolution
		SolutionGuid = {DA779DC2-51EC-4A74-B45A-0F477B31F1C3}
	EndGlobalSection
EndGlobal
